// !$*UTF8*$!
{
	archiveVersion = 1;
	classes = {
	};
	objectVersion = 56;
	objects = {

/* Begin PBXBuildFile section */
		4A040A892A249118006463FD /* AppDelegate.swift in Sources */ = {isa = PBXBuildFile; fileRef = 4A040A882A249118006463FD /* AppDelegate.swift */; };
		4A040A8B2A249118006463FD /* SceneDelegate.swift in Sources */ = {isa = PBXBuildFile; fileRef = 4A040A8A2A249118006463FD /* SceneDelegate.swift */; };
		4A040A8D2A249118006463FD /* ViewController.swift in Sources */ = {isa = PBXBuildFile; fileRef = 4A040A8C2A249118006463FD /* ViewController.swift */; };
		4A040A902A249118006463FD /* Main.storyboard in Resources */ = {isa = PBXBuildFile; fileRef = 4A040A8E2A249118006463FD /* Main.storyboard */; };
		4A040A922A24911A006463FD /* Assets.xcassets in Resources */ = {isa = PBXBuildFile; fileRef = 4A040A912A24911A006463FD /* Assets.xcassets */; };
		4A040A952A24911A006463FD /* LaunchScreen.storyboard in Resources */ = {isa = PBXBuildFile; fileRef = 4A040A932A24911A006463FD /* LaunchScreen.storyboard */; };
		4A040A9F2A24916E006463FD /* InheritanceViewController.swift in Sources */ = {isa = PBXBuildFile; fileRef = 4A040A9E2A24916E006463FD /* InheritanceViewController.swift */; };
		4A040AA62A2492B7006463FD /* Question Typo.swift in Sources */ = {isa = PBXBuildFile; fileRef = 4A040AA52A2492B6006463FD /* Question Typo.swift */; };
		4A040AAA2A249AA9006463FD /* HomeRows.swift in Sources */ = {isa = PBXBuildFile; fileRef = 4A040AA82A249AA9006463FD /* HomeRows.swift */; };
		4A040AAB2A249AA9006463FD /* HomeRows.xib in Resources */ = {isa = PBXBuildFile; fileRef = 4A040AA92A249AA9006463FD /* HomeRows.xib */; };
		4A040AAE2A249C20006463FD /* Utility.swift in Sources */ = {isa = PBXBuildFile; fileRef = 4A040AAD2A249C20006463FD /* Utility.swift */; };
/* End PBXBuildFile section */

/* Begin PBXFileReference section */
		4A040A852A249118006463FD /* Builder.app */ = {isa = PBXFileReference; explicitFileType = wrapper.application; includeInIndex = 0; path = Builder.app; sourceTree = BUILT_PRODUCTS_DIR; };
		4A040A882A249118006463FD /* AppDelegate.swift */ = {isa = PBXFileReference; lastKnownFileType = sourcecode.swift; path = AppDelegate.swift; sourceTree = "<group>"; };
		4A040A8A2A249118006463FD /* SceneDelegate.swift */ = {isa = PBXFileReference; lastKnownFileType = sourcecode.swift; path = SceneDelegate.swift; sourceTree = "<group>"; };
		4A040A8C2A249118006463FD /* ViewController.swift */ = {isa = PBXFileReference; lastKnownFileType = sourcecode.swift; path = ViewController.swift; sourceTree = "<group>"; };
		4A040A8F2A249118006463FD /* Base */ = {isa = PBXFileReference; lastKnownFileType = file.storyboard; name = Base; path = Base.lproj/Main.storyboard; sourceTree = "<group>"; };
		4A040A912A24911A006463FD /* Assets.xcassets */ = {isa = PBXFileReference; lastKnownFileType = folder.assetcatalog; path = Assets.xcassets; sourceTree = "<group>"; };
		4A040A942A24911A006463FD /* Base */ = {isa = PBXFileReference; lastKnownFileType = file.storyboard; name = Base; path = Base.lproj/LaunchScreen.storyboard; sourceTree = "<group>"; };
		4A040A962A24911A006463FD /* Info.plist */ = {isa = PBXFileReference; lastKnownFileType = text.plist.xml; path = Info.plist; sourceTree = "<group>"; };
		4A040A9E2A24916E006463FD /* InheritanceViewController.swift */ = {isa = PBXFileReference; lastKnownFileType = sourcecode.swift; path = InheritanceViewController.swift; sourceTree = "<group>"; };
		4A040AA52A2492B6006463FD /* Question Typo.swift */ = {isa = PBXFileReference; lastKnownFileType = sourcecode.swift; path = "Question Typo.swift"; sourceTree = "<group>"; };
		4A040AA82A249AA9006463FD /* HomeRows.swift */ = {isa = PBXFileReference; lastKnownFileType = sourcecode.swift; path = HomeRows.swift; sourceTree = "<group>"; };
		4A040AA92A249AA9006463FD /* HomeRows.xib */ = {isa = PBXFileReference; lastKnownFileType = file.xib; path = HomeRows.xib; sourceTree = "<group>"; };
		4A040AAD2A249C20006463FD /* Utility.swift */ = {isa = PBXFileReference; lastKnownFileType = sourcecode.swift; path = Utility.swift; sourceTree = "<group>"; };
/* End PBXFileReference section */

/* Begin PBXFrameworksBuildPhase section */
		4A040A822A249118006463FD /* Frameworks */ = {
			isa = PBXFrameworksBuildPhase;
			buildActionMask = 2147483647;
			files = (
			);
			runOnlyForDeploymentPostprocessing = 0;
		};
/* End PBXFrameworksBuildPhase section */

/* Begin PBXGroup section */
		4A040A7C2A249118006463FD = {
			isa = PBXGroup;
			children = (
				4A040A872A249118006463FD /* Builder */,
				4A040A862A249118006463FD /* Products */,
			);
			sourceTree = "<group>";
		};
		4A040A862A249118006463FD /* Products */ = {
			isa = PBXGroup;
			children = (
				4A040A852A249118006463FD /* Builder.app */,
			);
			name = Products;
			sourceTree = "<group>";
		};
		4A040A872A249118006463FD /* Builder */ = {
			isa = PBXGroup;
			children = (
				4A040AAC2A249C0D006463FD /* Extensions */,
				4A040A9D2A24913D006463FD /* Classes */,
				4A040A882A249118006463FD /* AppDelegate.swift */,
				4A040A8A2A249118006463FD /* SceneDelegate.swift */,
				4A040A8C2A249118006463FD /* ViewController.swift */,
				4A040A8E2A249118006463FD /* Main.storyboard */,
				4A040A912A24911A006463FD /* Assets.xcassets */,
				4A040A932A24911A006463FD /* LaunchScreen.storyboard */,
				4A040A962A24911A006463FD /* Info.plist */,
			);
			path = Builder;
			sourceTree = "<group>";
		};
		4A040A9C2A24912F006463FD /* Inheritance */ = {
			isa = PBXGroup;
			children = (
				4A040A9E2A24916E006463FD /* InheritanceViewController.swift */,
			);
			path = Inheritance;
			sourceTree = "<group>";
		};
		4A040A9D2A24913D006463FD /* Classes */ = {
			isa = PBXGroup;
			children = (
				4A040AA72A249A7E006463FD /* Xibs */,
				4A040AA52A2492B6006463FD /* Question Typo.swift */,
				4A040AA42A249292006463FD /* Anchors */,
				4A040AA32A24927E006463FD /* AsyncAwait */,
				4A040AA22A24926B006463FD /* Multiple Calls */,
				4A040AA12A249261006463FD /* PolyMorphism */,
				4A040AA02A249259006463FD /* Protocols */,
				4A040A9C2A24912F006463FD /* Inheritance */,
			);
			path = Classes;
			sourceTree = "<group>";
		};
		4A040AA02A249259006463FD /* Protocols */ = {
			isa = PBXGroup;
			children = (
			);
			path = Protocols;
			sourceTree = "<group>";
		};
		4A040AA12A249261006463FD /* PolyMorphism */ = {
			isa = PBXGroup;
			children = (
			);
			path = PolyMorphism;
			sourceTree = "<group>";
		};
		4A040AA22A24926B006463FD /* Multiple Calls */ = {
			isa = PBXGroup;
			children = (
			);
			path = "Multiple Calls";
			sourceTree = "<group>";
		};
		4A040AA32A24927E006463FD /* AsyncAwait */ = {
			isa = PBXGroup;
			children = (
			);
			path = AsyncAwait;
			sourceTree = "<group>";
		};
		4A040AA42A249292006463FD /* Anchors */ = {
			isa = PBXGroup;
			children = (
			);
			path = Anchors;
			sourceTree = "<group>";
		};
		4A040AA72A249A7E006463FD /* Xibs */ = {
			isa = PBXGroup;
			children = (
				4A040AA82A249AA9006463FD /* HomeRows.swift */,
				4A040AA92A249AA9006463FD /* HomeRows.xib */,
			);
			path = Xibs;
			sourceTree = "<group>";
		};
		4A040AAC2A249C0D006463FD /* Extensions */ = {
			isa = PBXGroup;
			children = (
				4A040AAD2A249C20006463FD /* Utility.swift */,
			);
			path = Extensions;
			sourceTree = "<group>";
		};
/* End PBXGroup section */

/* Begin PBXNativeTarget section */
		4A040A842A249118006463FD /* Builder */ = {
			isa = PBXNativeTarget;
			buildConfigurationList = 4A040A992A24911A006463FD /* Build configuration list for PBXNativeTarget "Builder" */;
			buildPhases = (
				4A040A812A249118006463FD /* Sources */,
				4A040A822A249118006463FD /* Frameworks */,
				4A040A832A249118006463FD /* Resources */,
			);
			buildRules = (
			);
			dependencies = (
			);
			name = Builder;
			productName = Builder;
			productReference = 4A040A852A249118006463FD /* Builder.app */;
			productType = "com.apple.product-type.application";
		};
/* End PBXNativeTarget section */

/* Begin PBXProject section */
		4A040A7D2A249118006463FD /* Project object */ = {
			isa = PBXProject;
			attributes = {
				BuildIndependentTargetsInParallel = 1;
				LastSwiftUpdateCheck = 1400;
				LastUpgradeCheck = 1400;
				TargetAttributes = {
					4A040A842A249118006463FD = {
						CreatedOnToolsVersion = 14.0;
					};
				};
			};
			buildConfigurationList = 4A040A802A249118006463FD /* Build configuration list for PBXProject "Builder" */;
			compatibilityVersion = "Xcode 14.0";
			developmentRegion = en;
			hasScannedForEncodings = 0;
			knownRegions = (
				en,
				Base,
			);
			mainGroup = 4A040A7C2A249118006463FD;
			productRefGroup = 4A040A862A249118006463FD /* Products */;
			projectDirPath = "";
			projectRoot = "";
			targets = (
				4A040A842A249118006463FD /* Builder */,
			);
		};
/* End PBXProject section */

/* Begin PBXResourcesBuildPhase section */
		4A040A832A249118006463FD /* Resources */ = {
			isa = PBXResourcesBuildPhase;
			buildActionMask = 2147483647;
			files = (
				4A040A952A24911A006463FD /* LaunchScreen.storyboard in Resources */,
				4A040AAB2A249AA9006463FD /* HomeRows.xib in Resources */,
				4A040A922A24911A006463FD /* Assets.xcassets in Resources */,
				4A040A902A249118006463FD /* Main.storyboard in Resources */,
			);
			runOnlyForDeploymentPostprocessing = 0;
		};
/* End PBXResourcesBuildPhase section */

/* Begin PBXSourcesBuildPhase section */
		4A040A812A249118006463FD /* Sources */ = {
			isa = PBXSourcesBuildPhase;
			buildActionMask = 2147483647;
			files = (
				4A040A8D2A249118006463FD /* ViewController.swift in Sources */,
				4A040AAE2A249C20006463FD /* Utility.swift in Sources */,
				4A040A892A249118006463FD /* AppDelegate.swift in Sources */,
				4A040A8B2A249118006463FD /* SceneDelegate.swift in Sources */,
				4A040AAA2A249AA9006463FD /* HomeRows.swift in Sources */,
				4A040AA62A2492B7006463FD /* Question Typo.swift in Sources */,
				4A040A9F2A24916E006463FD /* InheritanceViewController.swift in Sources */,
			);
			runOnlyForDeploymentPostprocessing = 0;
		};
/* End PBXSourcesBuildPhase section */

/* Begin PBXVariantGroup section */
		4A040A8E2A249118006463FD /* Main.storyboard */ = {
			isa = PBXVariantGroup;
			children = (
				4A040A8F2A249118006463FD /* Base */,
			);
			name = Main.storyboard;
			sourceTree = "<group>";
		};
		4A040A932A24911A006463FD /* LaunchScreen.storyboard */ = {
			isa = PBXVariantGroup;
			children = (
				4A040A942A24911A006463FD /* Base */,
			);
			name = LaunchScreen.storyboard;
			sourceTree = "<group>";
		};
/* End PBXVariantGroup section */

/* Begin XCBuildConfiguration section */
		4A040A972A24911A006463FD /* Debug */ = {
			isa = XCBuildConfiguration;
			buildSettings = {
				ALWAYS_SEARCH_USER_PATHS = NO;
				CLANG_ANALYZER_NONNULL = YES;
				CLANG_ANALYZER_NUMBER_OBJECT_CONVERSION = YES_AGGRESSIVE;
				CLANG_CXX_LANGUAGE_STANDARD = "gnu++20";
				CLANG_ENABLE_MODULES = YES;
				CLANG_ENABLE_OBJC_ARC = YES;
				CLANG_ENABLE_OBJC_WEAK = YES;
				CLANG_WARN_BLOCK_CAPTURE_AUTORELEASING = YES;
				CLANG_WARN_BOOL_CONVERSION = YES;
				CLANG_WARN_COMMA = YES;
				CLANG_WARN_CONSTANT_CONVERSION = YES;
				CLANG_WARN_DEPRECATED_OBJC_IMPLEMENTATIONS = YES;
				CLANG_WARN_DIRECT_OBJC_ISA_USAGE = YES_ERROR;
				CLANG_WARN_DOCUMENTATION_COMMENTS = YES;
				CLANG_WARN_EMPTY_BODY = YES;
				CLANG_WARN_ENUM_CONVERSION = YES;
				CLANG_WARN_INFINITE_RECURSION = YES;
				CLANG_WARN_INT_CONVERSION = YES;
				CLANG_WARN_NON_LITERAL_NULL_CONVERSION = YES;
				CLANG_WARN_OBJC_IMPLICIT_RETAIN_SELF = YES;
				CLANG_WARN_OBJC_LITERAL_CONVERSION = YES;
				CLANG_WARN_OBJC_ROOT_CLASS = YES_ERROR;
				CLANG_WARN_QUOTED_INCLUDE_IN_FRAMEWORK_HEADER = YES;
				CLANG_WARN_RANGE_LOOP_ANALYSIS = YES;
				CLANG_WARN_STRICT_PROTOTYPES = YES;
				CLANG_WARN_SUSPICIOUS_MOVE = YES;
				CLANG_WARN_UNGUARDED_AVAILABILITY = YES_AGGRESSIVE;
				CLANG_WARN_UNREACHABLE_CODE = YES;
				CLANG_WARN__DUPLICATE_METHOD_MATCH = YES;
				COPY_PHASE_STRIP = NO;
				DEBUG_INFORMATION_FORMAT = dwarf;
				ENABLE_STRICT_OBJC_MSGSEND = YES;
				ENABLE_TESTABILITY = YES;
				GCC_C_LANGUAGE_STANDARD = gnu11;
				GCC_DYNAMIC_NO_PIC = NO;
				GCC_NO_COMMON_BLOCKS = YES;
				GCC_OPTIMIZATION_LEVEL = 0;
				GCC_PREPROCESSOR_DEFINITIONS = (
					"DEBUG=1",
					"$(inherited)",
				);
				GCC_WARN_64_TO_32_BIT_CONVERSION = YES;
				GCC_WARN_ABOUT_RETURN_TYPE = YES_ERROR;
				GCC_WARN_UNDECLARED_SELECTOR = YES;
				GCC_WARN_UNINITIALIZED_AUTOS = YES_AGGRESSIVE;
				GCC_WARN_UNUSED_FUNCTION = YES;
				GCC_WARN_UNUSED_VARIABLE = YES;
				IPHONEOS_DEPLOYMENT_TARGET = 16.0;
				MTL_ENABLE_DEBUG_INFO = INCLUDE_SOURCE;
				MTL_FAST_MATH = YES;
				ONLY_ACTIVE_ARCH = YES;
				SDKROOT = iphoneos;
				SWIFT_ACTIVE_COMPILATION_CONDITIONS = DEBUG;
				SWIFT_OPTIMIZATION_LEVEL = "-Onone";
			};
			name = Debug;
		};
		4A040A982A24911A006463FD /* Release */ = {
			isa = XCBuildConfiguration;
			buildSettings = {
				ALWAYS_SEARCH_USER_PATHS = NO;
				CLANG_ANALYZER_NONNULL = YES;
				CLANG_ANALYZER_NUMBER_OBJECT_CONVERSION = YES_AGGRESSIVE;
				CLANG_CXX_LANGUAGE_STANDARD = "gnu++20";
				CLANG_ENABLE_MODULES = YES;
				CLANG_ENABLE_OBJC_ARC = YES;
				CLANG_ENABLE_OBJC_WEAK = YES;
				CLANG_WARN_BLOCK_CAPTURE_AUTORELEASING = YES;
				CLANG_WARN_BOOL_CONVERSION = YES;
				CLANG_WARN_COMMA = YES;
				CLANG_WARN_CONSTANT_CONVERSION = YES;
				CLANG_WARN_DEPRECATED_OBJC_IMPLEMENTATIONS = YES;
				CLANG_WARN_DIRECT_OBJC_ISA_USAGE = YES_ERROR;
				CLANG_WARN_DOCUMENTATION_COMMENTS = YES;
				CLANG_WARN_EMPTY_BODY = YES;
				CLANG_WARN_ENUM_CONVERSION = YES;
				CLANG_WARN_INFINITE_RECURSION = YES;
				CLANG_WARN_INT_CONVERSION = YES;
				CLANG_WARN_NON_LITERAL_NULL_CONVERSION = YES;
				CLANG_WARN_OBJC_IMPLICIT_RETAIN_SELF = YES;
				CLANG_WARN_OBJC_LITERAL_CONVERSION = YES;
				CLANG_WARN_OBJC_ROOT_CLASS = YES_ERROR;
				CLANG_WARN_QUOTED_INCLUDE_IN_FRAMEWORK_HEADER = YES;
				CLANG_WARN_RANGE_LOOP_ANALYSIS = YES;
				CLANG_WARN_STRICT_PROTOTYPES = YES;
				CLANG_WARN_SUSPICIOUS_MOVE = YES;
				CLANG_WARN_UNGUARDED_AVAILABILITY = YES_AGGRESSIVE;
				CLANG_WARN_UNREACHABLE_CODE = YES;
				CLANG_WARN__DUPLICATE_METHOD_MATCH = YES;
				COPY_PHASE_STRIP = NO;
				DEBUG_INFORMATION_FORMAT = "dwarf-with-dsym";
				ENABLE_NS_ASSERTIONS = NO;
				ENABLE_STRICT_OBJC_MSGSEND = YES;
				GCC_C_LANGUAGE_STANDARD = gnu11;
				GCC_NO_COMMON_BLOCKS = YES;
				GCC_WARN_64_TO_32_BIT_CONVERSION = YES;
				GCC_WARN_ABOUT_RETURN_TYPE = YES_ERROR;
				GCC_WARN_UNDECLARED_SELECTOR = YES;
				GCC_WARN_UNINITIALIZED_AUTOS = YES_AGGRESSIVE;
				GCC_WARN_UNUSED_FUNCTION = YES;
				GCC_WARN_UNUSED_VARIABLE = YES;
				IPHONEOS_DEPLOYMENT_TARGET = 16.0;
				MTL_ENABLE_DEBUG_INFO = NO;
				MTL_FAST_MATH = YES;
				SDKROOT = iphoneos;
				SWIFT_COMPILATION_MODE = wholemodule;
				SWIFT_OPTIMIZATION_LEVEL = "-O";
				VALIDATE_PRODUCT = YES;
			};
			name = Release;
		};
		4A040A9A2A24911A006463FD /* Debug */ = {
			isa = XCBuildConfiguration;
			buildSettings = {
				ASSETCATALOG_COMPILER_APPICON_NAME = AppIcon;
				ASSETCATALOG_COMPILER_GLOBAL_ACCENT_COLOR_NAME = AccentColor;
				CODE_SIGN_STYLE = Automatic;
				CURRENT_PROJECT_VERSION = 1;
				GENERATE_INFOPLIST_FILE = YES;
				INFOPLIST_FILE = Builder/Info.plist;
				INFOPLIST_KEY_UIApplicationSupportsIndirectInputEvents = YES;
				INFOPLIST_KEY_UILaunchStoryboardName = LaunchScreen;
				INFOPLIST_KEY_UIMainStoryboardFile = Main;
				INFOPLIST_KEY_UISupportedInterfaceOrientations_iPad = "UIInterfaceOrientationPortrait UIInterfaceOrientationPortraitUpsideDown UIInterfaceOrientationLandscapeLeft UIInterfaceOrientationLandscapeRight";
				INFOPLIST_KEY_UISupportedInterfaceOrientations_iPhone = "UIInterfaceOrientationPortrait UIInterfaceOrientationLandscapeLeft UIInterfaceOrientationLandscapeRight";
				LD_RUNPATH_SEARCH_PATHS = (
					"$(inherited)",
					"@executable_path/Frameworks",
				);
				MARKETING_VERSION = 1.0;
				PRODUCT_BUNDLE_IDENTIFIER = com.synares.Builder;
				PRODUCT_NAME = "$(TARGET_NAME)";
				SWIFT_EMIT_LOC_STRINGS = YES;
				SWIFT_VERSION = 5.0;
				TARGETED_DEVICE_FAMILY = "1,2";
			};
			name = Debug;
		};
		4A040A9B2A24911A006463FD /* Release */ = {
			isa = XCBuildConfiguration;
			buildSettings = {
				ASSETCATALOG_COMPILER_APPICON_NAME = AppIcon;
				ASSETCATALOG_COMPILER_GLOBAL_ACCENT_COLOR_NAME = AccentColor;
				CODE_SIGN_STYLE = Automatic;
				CURRENT_PROJECT_VERSION = 1;
				GENERATE_INFOPLIST_FILE = YES;
				INFOPLIST_FILE = Builder/Info.plist;
				INFOPLIST_KEY_UIApplicationSupportsIndirectInputEvents = YES;
				INFOPLIST_KEY_UILaunchStoryboardName = LaunchScreen;
				INFOPLIST_KEY_UIMainStoryboardFile = Main;
				INFOPLIST_KEY_UISupportedInterfaceOrientations_iPad = "UIInterfaceOrientationPortrait UIInterfaceOrientationPortraitUpsideDown UIInterfaceOrientationLandscapeLeft UIInterfaceOrientationLandscapeRight";
				INFOPLIST_KEY_UISupportedInterfaceOrientations_iPhone = "UIInterfaceOrientationPortrait UIInterfaceOrientationLandscapeLeft UIInterfaceOrientationLandscapeRight";
				LD_RUNPATH_SEARCH_PATHS = (
					"$(inherited)",
					"@executable_path/Frameworks",
				);
				MARKETING_VERSION = 1.0;
				PRODUCT_BUNDLE_IDENTIFIER = com.synares.Builder;
				PRODUCT_NAME = "$(TARGET_NAME)";
				SWIFT_EMIT_LOC_STRINGS = YES;
				SWIFT_VERSION = 5.0;
				TARGETED_DEVICE_FAMILY = "1,2";
			};
			name = Release;
		};
/* End XCBuildConfiguration section */

/* Begin XCConfigurationList section */
		4A040A802A249118006463FD /* Build configuration list for PBXProject "Builder" */ = {
			isa = XCConfigurationList;
			buildConfigurations = (
				4A040A972A24911A006463FD /* Debug */,
				4A040A982A24911A006463FD /* Release */,
			);
			defaultConfigurationIsVisible = 0;
			defaultConfigurationName = Release;
		};
		4A040A992A24911A006463FD /* Build configuration list for PBXNativeTarget "Builder" */ = {
			isa = XCConfigurationList;
			buildConfigurations = (
				4A040A9A2A24911A006463FD /* Debug */,
				4A040A9B2A24911A006463FD /* Release */,
			);
			defaultConfigurationIsVisible = 0;
			defaultConfigurationName = Release;
		};
/* End XCConfigurationList section */
	};
	rootObject = 4A040A7D2A249118006463FD /* Project object */;
}
